
Microsoft Visual Studio Solution File, Format Version 12.00
# Visual Studio Version 17
VisualStudioVersion = 17.10.35013.160
MinimumVisualStudioVersion = 10.0.40219.1
Project("{FAE04EC0-301F-11D3-BF4B-00C04F79EFBC}") = "TrabajoFinalDyAW", "TrabajoFinalDyAW\TrabajoFinalDyAW.csproj", "{FEC45A36-F7C8-48DE-92DE-F8DDD90CFE46}"
EndProject
Global
	GlobalSection(SolutionConfigurationPlatforms) = preSolution
		Debug|Any CPU = Debug|Any CPU
		Release|Any CPU = Release|Any CPU
	EndGlobalSection
	GlobalSection(ProjectConfigurationPlatforms) = postSolution
		{FEC45A36-F7C8-48DE-92DE-F8DDD90CFE46}.Debug|Any CPU.ActiveCfg = Debug|Any CPU
		{FEC45A36-F7C8-48DE-92DE-F8DDD90CFE46}.Debug|Any CPU.Build.0 = Debug|Any CPU
		{FEC45A36-F7C8-48DE-92DE-F8DDD90CFE46}.Release|Any CPU.ActiveCfg = Release|Any CPU
		{FEC45A36-F7C8-48DE-92DE-F8DDD90CFE46}.Release|Any CPU.Build.0 = Release|Any CPU
	EndGlobalSection
	GlobalSection(SolutionProperties) = preSolution
		HideSolutionNode = FALSE
	EndGlobalSection
	GlobalSection(ExtensibilityGlobals) = postSolution
		SolutionGuid = {C4A490DA-5947-4B3C-A8D3-817BF4E8E295}
	EndGlobalSection
EndGlobal
